
Microsoft Visual Studio Solution File, Format Version 12.00
# Visual Studio 16
Project("{FAE04EC0-301F-11D3-BF4B-00C04F79EFBC}") = "Assembly-CSharp", "Assembly-CSharp.csproj", "{5CB54C4C-2471-690F-E9C1-5B9A06C8016B}"
EndProject
Global
	GlobalSection(SolutionConfigurationPlatforms) = preSolution
		Debug|Any CPU = Debug|Any CPU
		Release|Any CPU = Release|Any CPU
	EndGlobalSection
	GlobalSection(ProjectConfigurationPlatforms) = postSolution
		{5CB54C4C-2471-690F-E9C1-5B9A06C8016B}.Debug|Any CPU.ActiveCfg = Debug|Any CPU
		{5CB54C4C-2471-690F-E9C1-5B9A06C8016B}.Debug|Any CPU.Build.0 = Debug|Any CPU
		{5CB54C4C-2471-690F-E9C1-5B9A06C8016B}.Release|Any CPU.ActiveCfg = Release|Any CPU
		{5CB54C4C-2471-690F-E9C1-5B9A06C8016B}.Release|Any CPU.Build.0 = Release|Any CPU
	EndGlobalSection
	GlobalSection(SolutionProperties) = preSolution
		HideSolutionNode = FALSE
	EndGlobalSection
EndGlobal
